
Microsoft Visual Studio Solution File, Format Version 12.00
# Visual Studio Version 17
VisualStudioVersion = 17.0.32014.148
MinimumVisualStudioVersion = 10.0.40219.1
Project("{9A19103F-16F7-4668-BE54-9A1E7A4F7556}") = "RPG Characters", "assignment 1 c sharp fundamentals\RPG Characters.csproj", "{1E97A178-C155-4337-820D-4C85A87AE759}"
EndProject
Project("{FAE04EC0-301F-11D3-BF4B-00C04F79EFBC}") = "RPG Characters tests", "RPG Characters tests\RPG Characters tests.csproj", "{FB41CF4D-8F43-416C-BF86-8FD4B7FAB0FE}"
EndProject
Global
	GlobalSection(SolutionConfigurationPlatforms) = preSolution
		Debug|Any CPU = Debug|Any CPU
		Release|Any CPU = Release|Any CPU
	EndGlobalSection
	GlobalSection(ProjectConfigurationPlatforms) = postSolution
		{1E97A178-C155-4337-820D-4C85A87AE759}.Debug|Any CPU.ActiveCfg = Debug|Any CPU
		{1E97A178-C155-4337-820D-4C85A87AE759}.Debug|Any CPU.Build.0 = Debug|Any CPU
		{1E97A178-C155-4337-820D-4C85A87AE759}.Release|Any CPU.ActiveCfg = Release|Any CPU
		{1E97A178-C155-4337-820D-4C85A87AE759}.Release|Any CPU.Build.0 = Release|Any CPU
		{FB41CF4D-8F43-416C-BF86-8FD4B7FAB0FE}.Debug|Any CPU.ActiveCfg = Debug|Any CPU
		{FB41CF4D-8F43-416C-BF86-8FD4B7FAB0FE}.Debug|Any CPU.Build.0 = Debug|Any CPU
		{FB41CF4D-8F43-416C-BF86-8FD4B7FAB0FE}.Release|Any CPU.ActiveCfg = Release|Any CPU
		{FB41CF4D-8F43-416C-BF86-8FD4B7FAB0FE}.Release|Any CPU.Build.0 = Release|Any CPU
	EndGlobalSection
	GlobalSection(SolutionProperties) = preSolution
		HideSolutionNode = FALSE
	EndGlobalSection
	GlobalSection(ExtensibilityGlobals) = postSolution
		SolutionGuid = {E4106732-8321-4052-839D-9E80391C4341}
	EndGlobalSection
EndGlobal
